
Microsoft Visual Studio Solution File, Format Version 12.00
# Visual Studio Version 16
VisualStudioVersion = 16.0.31624.102
MinimumVisualStudioVersion = 10.0.40219.1
Project("{FAE04EC0-301F-11D3-BF4B-00C04F79EFBC}") = "NQueenHillClimbing", "NQueenHillClimbing\NQueenHillClimbing.csproj", "{E683E8DC-83A6-4E84-BFC0-66402D3886ED}"
EndProject
Global
	GlobalSection(SolutionConfigurationPlatforms) = preSolution
		Debug|Any CPU = Debug|Any CPU
		Release|Any CPU = Release|Any CPU
	EndGlobalSection
	GlobalSection(ProjectConfigurationPlatforms) = postSolution
		{E683E8DC-83A6-4E84-BFC0-66402D3886ED}.Debug|Any CPU.ActiveCfg = Debug|Any CPU
		{E683E8DC-83A6-4E84-BFC0-66402D3886ED}.Debug|Any CPU.Build.0 = Debug|Any CPU
		{E683E8DC-83A6-4E84-BFC0-66402D3886ED}.Release|Any CPU.ActiveCfg = Release|Any CPU
		{E683E8DC-83A6-4E84-BFC0-66402D3886ED}.Release|Any CPU.Build.0 = Release|Any CPU
	EndGlobalSection
	GlobalSection(SolutionProperties) = preSolution
		HideSolutionNode = FALSE
	EndGlobalSection
	GlobalSection(ExtensibilityGlobals) = postSolution
		SolutionGuid = {506C9B57-4018-4E69-AF22-455A6D6DFAC8}
	EndGlobalSection
EndGlobal
